
Microsoft Visual Studio Solution File, Format Version 12.00
# Visual Studio Version 16
VisualStudioVersion = 16.0.29519.87
MinimumVisualStudioVersion = 10.0.40219.1
Project("{FAE04EC0-301F-11D3-BF4B-00C04F79EFBC}") = "Lab6_2", "Lab6_2\Lab6_2.csproj", "{9805AD3E-3181-41D6-B317-17E666E7856F}"
EndProject
Global
	GlobalSection(SolutionConfigurationPlatforms) = preSolution
		Debug|Any CPU = Debug|Any CPU
		Release|Any CPU = Release|Any CPU
	EndGlobalSection
	GlobalSection(ProjectConfigurationPlatforms) = postSolution
		{9805AD3E-3181-41D6-B317-17E666E7856F}.Debug|Any CPU.ActiveCfg = Debug|Any CPU
		{9805AD3E-3181-41D6-B317-17E666E7856F}.Debug|Any CPU.Build.0 = Debug|Any CPU
		{9805AD3E-3181-41D6-B317-17E666E7856F}.Release|Any CPU.ActiveCfg = Release|Any CPU
		{9805AD3E-3181-41D6-B317-17E666E7856F}.Release|Any CPU.Build.0 = Release|Any CPU
	EndGlobalSection
	GlobalSection(SolutionProperties) = preSolution
		HideSolutionNode = FALSE
	EndGlobalSection
	GlobalSection(ExtensibilityGlobals) = postSolution
		SolutionGuid = {072ADFE6-AFC4-4440-9B55-E567E02D1B9F}
	EndGlobalSection
EndGlobal
