
Microsoft Visual Studio Solution File, Format Version 12.00
# Visual Studio Version 16
VisualStudioVersion = 16.0.29519.87
MinimumVisualStudioVersion = 10.0.40219.1
Project("{FAE04EC0-301F-11D3-BF4B-00C04F79EFBC}") = "Lab11", "Lab11\Lab11.csproj", "{38F8751A-A141-4A08-B6EA-C43EE60994B1}"
EndProject
Project("{FAE04EC0-301F-11D3-BF4B-00C04F79EFBC}") = "Lab11_2", "Lab11_2\Lab11_2.csproj", "{288A76DF-F9D4-4652-AC1B-9F913BC9E747}"
EndProject
Global
	GlobalSection(SolutionConfigurationPlatforms) = preSolution
		Debug|Any CPU = Debug|Any CPU
		Release|Any CPU = Release|Any CPU
	EndGlobalSection
	GlobalSection(ProjectConfigurationPlatforms) = postSolution
		{38F8751A-A141-4A08-B6EA-C43EE60994B1}.Debug|Any CPU.ActiveCfg = Debug|Any CPU
		{38F8751A-A141-4A08-B6EA-C43EE60994B1}.Debug|Any CPU.Build.0 = Debug|Any CPU
		{38F8751A-A141-4A08-B6EA-C43EE60994B1}.Release|Any CPU.ActiveCfg = Release|Any CPU
		{38F8751A-A141-4A08-B6EA-C43EE60994B1}.Release|Any CPU.Build.0 = Release|Any CPU
		{288A76DF-F9D4-4652-AC1B-9F913BC9E747}.Debug|Any CPU.ActiveCfg = Debug|Any CPU
		{288A76DF-F9D4-4652-AC1B-9F913BC9E747}.Debug|Any CPU.Build.0 = Debug|Any CPU
		{288A76DF-F9D4-4652-AC1B-9F913BC9E747}.Release|Any CPU.ActiveCfg = Release|Any CPU
		{288A76DF-F9D4-4652-AC1B-9F913BC9E747}.Release|Any CPU.Build.0 = Release|Any CPU
	EndGlobalSection
	GlobalSection(SolutionProperties) = preSolution
		HideSolutionNode = FALSE
	EndGlobalSection
	GlobalSection(ExtensibilityGlobals) = postSolution
		SolutionGuid = {C790900C-AA65-45CF-A28C-02D4C349ED57}
	EndGlobalSection
EndGlobal
