
Microsoft Visual Studio Solution File, Format Version 12.00
# Visual Studio Version 16
VisualStudioVersion = 16.0.29519.87
MinimumVisualStudioVersion = 10.0.40219.1
Project("{FAE04EC0-301F-11D3-BF4B-00C04F79EFBC}") = "Lab12", "Lab12\Lab12.csproj", "{F301DF4D-5843-4459-A743-42B95DFF0CEF}"
EndProject
Project("{FAE04EC0-301F-11D3-BF4B-00C04F79EFBC}") = "Lab11", "..\Lab11\Lab11\Lab11.csproj", "{38F8751A-A141-4A08-B6EA-C43EE60994B1}"
EndProject
Project("{FAE04EC0-301F-11D3-BF4B-00C04F79EFBC}") = "Lab11_2", "..\Lab11\Lab11_2\Lab11_2.csproj", "{288A76DF-F9D4-4652-AC1B-9F913BC9E747}"
EndProject
Project("{FAE04EC0-301F-11D3-BF4B-00C04F79EFBC}") = "Lab10", "..\Lab10\Lab10\Lab10.csproj", "{083A7965-4E8D-492A-8829-9012D77BE140}"
EndProject
Project("{FAE04EC0-301F-11D3-BF4B-00C04F79EFBC}") = "Lab9", "..\Lab9\Lab9\Lab9.csproj", "{DF766000-6EE1-4562-8964-7A1A8CE0A3BA}"
EndProject
Project("{FAE04EC0-301F-11D3-BF4B-00C04F79EFBC}") = "Lab8", "..\Lab8\Lab8\Lab8.csproj", "{879A086B-B534-459B-A73D-EC148AE0D7C2}"
EndProject
Project("{FAE04EC0-301F-11D3-BF4B-00C04F79EFBC}") = "Lab8_2", "..\Lab8\Lab8_2\Lab8_2.csproj", "{A20DAA65-C815-4147-8E2E-0C1C747C036E}"
EndProject
Project("{FAE04EC0-301F-11D3-BF4B-00C04F79EFBC}") = "Lab7", "..\Lab7\Lab7\Lab7.csproj", "{BED921C8-A582-4F46-9877-794EE6E81D19}"
EndProject
Project("{FAE04EC0-301F-11D3-BF4B-00C04F79EFBC}") = "Lab6_2", "..\Lab6_2\Lab6_2\Lab6_2.csproj", "{9805AD3E-3181-41D6-B317-17E666E7856F}"
EndProject
Project("{FAE04EC0-301F-11D3-BF4B-00C04F79EFBC}") = "Lab6", "..\Lab6\Lab6\Lab6.csproj", "{A9F71D06-F7E4-4ED2-8442-8048E8DBB5B1}"
EndProject
Project("{FAE04EC0-301F-11D3-BF4B-00C04F79EFBC}") = "Lab5_2", "..\Lab5_2\Lab5_2\Lab5_2.csproj", "{DBFE1DF4-4B4C-4D89-8762-89B4A7742CAA}"
EndProject
Project("{FAE04EC0-301F-11D3-BF4B-00C04F79EFBC}") = "Lab5", "..\Lab5\Lab5\Lab5.csproj", "{8A0F4947-ED7A-4C75-B805-EBA7DE2B6CE3}"
EndProject
Project("{FAE04EC0-301F-11D3-BF4B-00C04F79EFBC}") = "Lab4_2", "..\Lab4_2\Lab4_2\Lab4_2.csproj", "{11C27ABF-0135-4072-8B02-E61DB7EDEE89}"
EndProject
Project("{FAE04EC0-301F-11D3-BF4B-00C04F79EFBC}") = "Lab4_1", "..\Lab4_1\Lab4_1\Lab4_1.csproj", "{8EB48701-8AFE-452E-A10D-3B7A9D60A3BF}"
EndProject
Project("{FAE04EC0-301F-11D3-BF4B-00C04F79EFBC}") = "Lab3_2", "..\Lab3_2\Lab3_2\Lab3_2.csproj", "{9BA388CA-1493-417F-B0FF-9B0040F255DE}"
EndProject
Project("{FAE04EC0-301F-11D3-BF4B-00C04F79EFBC}") = "Lab3_1", "..\Lab3_1\Lab3_1\Lab3_1.csproj", "{4F7CEE2A-FDDF-47D3-A255-F6D63FFE70D0}"
EndProject
Project("{FAE04EC0-301F-11D3-BF4B-00C04F79EFBC}") = "Lab2", "..\Lab2\Lab2\Lab2.csproj", "{F33816D3-CCFD-4673-BA57-B4DD3D200595}"
EndProject
Global
	GlobalSection(SolutionConfigurationPlatforms) = preSolution
		Debug|Any CPU = Debug|Any CPU
		Release|Any CPU = Release|Any CPU
	EndGlobalSection
	GlobalSection(ProjectConfigurationPlatforms) = postSolution
		{F301DF4D-5843-4459-A743-42B95DFF0CEF}.Debug|Any CPU.ActiveCfg = Debug|Any CPU
		{F301DF4D-5843-4459-A743-42B95DFF0CEF}.Debug|Any CPU.Build.0 = Debug|Any CPU
		{F301DF4D-5843-4459-A743-42B95DFF0CEF}.Release|Any CPU.ActiveCfg = Release|Any CPU
		{F301DF4D-5843-4459-A743-42B95DFF0CEF}.Release|Any CPU.Build.0 = Release|Any CPU
		{38F8751A-A141-4A08-B6EA-C43EE60994B1}.Debug|Any CPU.ActiveCfg = Debug|Any CPU
		{38F8751A-A141-4A08-B6EA-C43EE60994B1}.Debug|Any CPU.Build.0 = Debug|Any CPU
		{38F8751A-A141-4A08-B6EA-C43EE60994B1}.Release|Any CPU.ActiveCfg = Release|Any CPU
		{38F8751A-A141-4A08-B6EA-C43EE60994B1}.Release|Any CPU.Build.0 = Release|Any CPU
		{288A76DF-F9D4-4652-AC1B-9F913BC9E747}.Debug|Any CPU.ActiveCfg = Debug|Any CPU
		{288A76DF-F9D4-4652-AC1B-9F913BC9E747}.Debug|Any CPU.Build.0 = Debug|Any CPU
		{288A76DF-F9D4-4652-AC1B-9F913BC9E747}.Release|Any CPU.ActiveCfg = Release|Any CPU
		{288A76DF-F9D4-4652-AC1B-9F913BC9E747}.Release|Any CPU.Build.0 = Release|Any CPU
		{083A7965-4E8D-492A-8829-9012D77BE140}.Debug|Any CPU.ActiveCfg = Debug|Any CPU
		{083A7965-4E8D-492A-8829-9012D77BE140}.Debug|Any CPU.Build.0 = Debug|Any CPU
		{083A7965-4E8D-492A-8829-9012D77BE140}.Release|Any CPU.ActiveCfg = Release|Any CPU
		{083A7965-4E8D-492A-8829-9012D77BE140}.Release|Any CPU.Build.0 = Release|Any CPU
		{DF766000-6EE1-4562-8964-7A1A8CE0A3BA}.Debug|Any CPU.ActiveCfg = Debug|Any CPU
		{DF766000-6EE1-4562-8964-7A1A8CE0A3BA}.Debug|Any CPU.Build.0 = Debug|Any CPU
		{DF766000-6EE1-4562-8964-7A1A8CE0A3BA}.Release|Any CPU.ActiveCfg = Release|Any CPU
		{DF766000-6EE1-4562-8964-7A1A8CE0A3BA}.Release|Any CPU.Build.0 = Release|Any CPU
		{879A086B-B534-459B-A73D-EC148AE0D7C2}.Debug|Any CPU.ActiveCfg = Debug|Any CPU
		{879A086B-B534-459B-A73D-EC148AE0D7C2}.Debug|Any CPU.Build.0 = Debug|Any CPU
		{879A086B-B534-459B-A73D-EC148AE0D7C2}.Release|Any CPU.ActiveCfg = Release|Any CPU
		{879A086B-B534-459B-A73D-EC148AE0D7C2}.Release|Any CPU.Build.0 = Release|Any CPU
		{A20DAA65-C815-4147-8E2E-0C1C747C036E}.Debug|Any CPU.ActiveCfg = Debug|Any CPU
		{A20DAA65-C815-4147-8E2E-0C1C747C036E}.Debug|Any CPU.Build.0 = Debug|Any CPU
		{A20DAA65-C815-4147-8E2E-0C1C747C036E}.Release|Any CPU.ActiveCfg = Release|Any CPU
		{A20DAA65-C815-4147-8E2E-0C1C747C036E}.Release|Any CPU.Build.0 = Release|Any CPU
		{BED921C8-A582-4F46-9877-794EE6E81D19}.Debug|Any CPU.ActiveCfg = Debug|Any CPU
		{BED921C8-A582-4F46-9877-794EE6E81D19}.Debug|Any CPU.Build.0 = Debug|Any CPU
		{BED921C8-A582-4F46-9877-794EE6E81D19}.Release|Any CPU.ActiveCfg = Release|Any CPU
		{BED921C8-A582-4F46-9877-794EE6E81D19}.Release|Any CPU.Build.0 = Release|Any CPU
		{9805AD3E-3181-41D6-B317-17E666E7856F}.Debug|Any CPU.ActiveCfg = Debug|Any CPU
		{9805AD3E-3181-41D6-B317-17E666E7856F}.Debug|Any CPU.Build.0 = Debug|Any CPU
		{9805AD3E-3181-41D6-B317-17E666E7856F}.Release|Any CPU.ActiveCfg = Release|Any CPU
		{9805AD3E-3181-41D6-B317-17E666E7856F}.Release|Any CPU.Build.0 = Release|Any CPU
		{A9F71D06-F7E4-4ED2-8442-8048E8DBB5B1}.Debug|Any CPU.ActiveCfg = Debug|Any CPU
		{A9F71D06-F7E4-4ED2-8442-8048E8DBB5B1}.Debug|Any CPU.Build.0 = Debug|Any CPU
		{A9F71D06-F7E4-4ED2-8442-8048E8DBB5B1}.Release|Any CPU.ActiveCfg = Release|Any CPU
		{A9F71D06-F7E4-4ED2-8442-8048E8DBB5B1}.Release|Any CPU.Build.0 = Release|Any CPU
		{DBFE1DF4-4B4C-4D89-8762-89B4A7742CAA}.Debug|Any CPU.ActiveCfg = Debug|Any CPU
		{DBFE1DF4-4B4C-4D89-8762-89B4A7742CAA}.Debug|Any CPU.Build.0 = Debug|Any CPU
		{DBFE1DF4-4B4C-4D89-8762-89B4A7742CAA}.Release|Any CPU.ActiveCfg = Release|Any CPU
		{DBFE1DF4-4B4C-4D89-8762-89B4A7742CAA}.Release|Any CPU.Build.0 = Release|Any CPU
		{8A0F4947-ED7A-4C75-B805-EBA7DE2B6CE3}.Debug|Any CPU.ActiveCfg = Debug|Any CPU
		{8A0F4947-ED7A-4C75-B805-EBA7DE2B6CE3}.Debug|Any CPU.Build.0 = Debug|Any CPU
		{8A0F4947-ED7A-4C75-B805-EBA7DE2B6CE3}.Release|Any CPU.ActiveCfg = Release|Any CPU
		{8A0F4947-ED7A-4C75-B805-EBA7DE2B6CE3}.Release|Any CPU.Build.0 = Release|Any CPU
		{11C27ABF-0135-4072-8B02-E61DB7EDEE89}.Debug|Any CPU.ActiveCfg = Debug|Any CPU
		{11C27ABF-0135-4072-8B02-E61DB7EDEE89}.Debug|Any CPU.Build.0 = Debug|Any CPU
		{11C27ABF-0135-4072-8B02-E61DB7EDEE89}.Release|Any CPU.ActiveCfg = Release|Any CPU
		{11C27ABF-0135-4072-8B02-E61DB7EDEE89}.Release|Any CPU.Build.0 = Release|Any CPU
		{8EB48701-8AFE-452E-A10D-3B7A9D60A3BF}.Debug|Any CPU.ActiveCfg = Debug|Any CPU
		{8EB48701-8AFE-452E-A10D-3B7A9D60A3BF}.Debug|Any CPU.Build.0 = Debug|Any CPU
		{8EB48701-8AFE-452E-A10D-3B7A9D60A3BF}.Release|Any CPU.ActiveCfg = Release|Any CPU
		{8EB48701-8AFE-452E-A10D-3B7A9D60A3BF}.Release|Any CPU.Build.0 = Release|Any CPU
		{9BA388CA-1493-417F-B0FF-9B0040F255DE}.Debug|Any CPU.ActiveCfg = Debug|Any CPU
		{9BA388CA-1493-417F-B0FF-9B0040F255DE}.Debug|Any CPU.Build.0 = Debug|Any CPU
		{9BA388CA-1493-417F-B0FF-9B0040F255DE}.Release|Any CPU.ActiveCfg = Release|Any CPU
		{9BA388CA-1493-417F-B0FF-9B0040F255DE}.Release|Any CPU.Build.0 = Release|Any CPU
		{4F7CEE2A-FDDF-47D3-A255-F6D63FFE70D0}.Debug|Any CPU.ActiveCfg = Debug|Any CPU
		{4F7CEE2A-FDDF-47D3-A255-F6D63FFE70D0}.Debug|Any CPU.Build.0 = Debug|Any CPU
		{4F7CEE2A-FDDF-47D3-A255-F6D63FFE70D0}.Release|Any CPU.ActiveCfg = Release|Any CPU
		{4F7CEE2A-FDDF-47D3-A255-F6D63FFE70D0}.Release|Any CPU.Build.0 = Release|Any CPU
		{F33816D3-CCFD-4673-BA57-B4DD3D200595}.Debug|Any CPU.ActiveCfg = Debug|Any CPU
		{F33816D3-CCFD-4673-BA57-B4DD3D200595}.Debug|Any CPU.Build.0 = Debug|Any CPU
		{F33816D3-CCFD-4673-BA57-B4DD3D200595}.Release|Any CPU.ActiveCfg = Release|Any CPU
		{F33816D3-CCFD-4673-BA57-B4DD3D200595}.Release|Any CPU.Build.0 = Release|Any CPU
	EndGlobalSection
	GlobalSection(SolutionProperties) = preSolution
		HideSolutionNode = FALSE
	EndGlobalSection
	GlobalSection(ExtensibilityGlobals) = postSolution
		SolutionGuid = {88890F42-69DE-43FB-9654-F6745E931B3C}
	EndGlobalSection
EndGlobal
