
Microsoft Visual Studio Solution File, Format Version 12.00
# Visual Studio Version 16
VisualStudioVersion = 16.0.29609.76
MinimumVisualStudioVersion = 10.0.40219.1
Project("{FAE04EC0-301F-11D3-BF4B-00C04F79EFBC}") = "Lab7", "Lab7\Lab7.csproj", "{BED921C8-A582-4F46-9877-794EE6E81D19}"
EndProject
Global
	GlobalSection(SolutionConfigurationPlatforms) = preSolution
		Debug|Any CPU = Debug|Any CPU
		Release|Any CPU = Release|Any CPU
	EndGlobalSection
	GlobalSection(ProjectConfigurationPlatforms) = postSolution
		{BED921C8-A582-4F46-9877-794EE6E81D19}.Debug|Any CPU.ActiveCfg = Debug|Any CPU
		{BED921C8-A582-4F46-9877-794EE6E81D19}.Debug|Any CPU.Build.0 = Debug|Any CPU
		{BED921C8-A582-4F46-9877-794EE6E81D19}.Release|Any CPU.ActiveCfg = Release|Any CPU
		{BED921C8-A582-4F46-9877-794EE6E81D19}.Release|Any CPU.Build.0 = Release|Any CPU
	EndGlobalSection
	GlobalSection(SolutionProperties) = preSolution
		HideSolutionNode = FALSE
	EndGlobalSection
	GlobalSection(ExtensibilityGlobals) = postSolution
		SolutionGuid = {7BA39DBF-8545-4485-A01A-4F8E796BACBF}
	EndGlobalSection
EndGlobal
